
Microsoft Visual Studio Solution File, Format Version 12.00
# Visual Studio 2012
Project("{FAE04EC0-301F-11D3-BF4B-00C04F79EFBC}") = "SQL-Entity-Framework-PivoteQuery", "SQL-Entity-Framework-PivoteQuery\SQL-Entity-Framework-PivoteQuery.csproj", "{940A0CEA-1B7D-4710-86F9-C7E8F4CF77CA}"
EndProject
Global
	GlobalSection(SolutionConfigurationPlatforms) = preSolution
		Debug|Any CPU = Debug|Any CPU
		Release|Any CPU = Release|Any CPU
	EndGlobalSection
	GlobalSection(ProjectConfigurationPlatforms) = postSolution
		{940A0CEA-1B7D-4710-86F9-C7E8F4CF77CA}.Debug|Any CPU.ActiveCfg = Debug|Any CPU
		{940A0CEA-1B7D-4710-86F9-C7E8F4CF77CA}.Debug|Any CPU.Build.0 = Debug|Any CPU
		{940A0CEA-1B7D-4710-86F9-C7E8F4CF77CA}.Release|Any CPU.ActiveCfg = Release|Any CPU
		{940A0CEA-1B7D-4710-86F9-C7E8F4CF77CA}.Release|Any CPU.Build.0 = Release|Any CPU
	EndGlobalSection
	GlobalSection(SolutionProperties) = preSolution
		HideSolutionNode = FALSE
	EndGlobalSection
EndGlobal
